{
  "nodes": {
    "nixpkgs": {
      "locked": {
        "lastModified": 1724165343,
        "narHash": "sha256-t5wbrPZnrCDWy/U4p89Ngb1rFzJ6chfpIH+H5CzJdLA=",
        "owner": "NixOS",
        "repo": "nixpkgs",
        "rev": "a2d39092a6513cd9f18bada2f0c793b768ea8428",
        "type": "github"
      },
      "original": {
        "owner": "NixOS",
        "ref": "release-24.05",
        "repo": "nixpkgs",
        "type": "github"
      }
    },
    "root": {
      "inputs": {
        "nixpkgs": "nixpkgs"
      }
    }
  },
  "root": "root",
  "version": 7
}
