{
  "nodes": {
    "nixpkgs": {
      "locked": {
        "lastModified": 1716615002,
        "narHash": "sha256-u5O84DDYr3mFjVKtg8p7wDGjb6jk2XIQPIIo6snD5qE=",
        "owner": "NixOS",
        "repo": "nixpkgs",
        "rev": "5604cd84b572b0276a7d227c0f25703167e4ccb8",
        "type": "github"
      },
      "original": {
        "owner": "NixOS",
        "ref": "release-23.11",
        "repo": "nixpkgs",
        "type": "github"
      }
    },
    "root": {
      "inputs": {
        "nixpkgs": "nixpkgs"
      }
    }
  },
  "root": "root",
  "version": 7
}
